# THIS IS AN AUTOGENERATED FILE. DO NOT EDIT THIS FILE DIRECTLY.
# yarn lockfile v1


sort-object-keys@^1.1.1:
  version "1.1.2"
  resolved "https://registry.yarnpkg.com/sort-object-keys/-/sort-object-keys-1.1.2.tgz#d3a6c48dc2ac97e6bc94367696e03f6d09d37952"

sort-package-json@1.11.0:
  version "1.11.0"
  resolved "https://registry.yarnpkg.com/sort-package-json/-/sort-package-json-1.11.0.tgz#b7b59ebdfaf3f8719ec0bc2056264e937868cbfb"
  dependencies:
    sort-object-keys "^1.1.1"
